
Microsoft Visual Studio Solution File, Format Version 12.00
# Visual Studio Version 17
VisualStudioVersion = 17.1.32328.378
MinimumVisualStudioVersion = 10.0.40219.1
Project("{9A19103F-16F7-4668-BE54-9A1E7A4F7556}") = "readAThonBot", "tutorialBot\readAThonBot.csproj", "{3604C1A1-02EC-4FF0-B1B1-02433CC07CAD}"
EndProject
Project("{FAE04EC0-301F-11D3-BF4B-00C04F79EFBC}") = "tutorialBotTests", "tutorialBotTests\tutorialBotTests.csproj", "{7F73CAE2-208E-42E3-8531-D29EA27DC95A}"
EndProject
Global
	GlobalSection(SolutionConfigurationPlatforms) = preSolution
		Debug|Any CPU = Debug|Any CPU
		Release|Any CPU = Release|Any CPU
	EndGlobalSection
	GlobalSection(ProjectConfigurationPlatforms) = postSolution
		{3604C1A1-02EC-4FF0-B1B1-02433CC07CAD}.Debug|Any CPU.ActiveCfg = Debug|Any CPU
		{3604C1A1-02EC-4FF0-B1B1-02433CC07CAD}.Debug|Any CPU.Build.0 = Debug|Any CPU
		{3604C1A1-02EC-4FF0-B1B1-02433CC07CAD}.Release|Any CPU.ActiveCfg = Release|Any CPU
		{3604C1A1-02EC-4FF0-B1B1-02433CC07CAD}.Release|Any CPU.Build.0 = Release|Any CPU
		{7F73CAE2-208E-42E3-8531-D29EA27DC95A}.Debug|Any CPU.ActiveCfg = Debug|Any CPU
		{7F73CAE2-208E-42E3-8531-D29EA27DC95A}.Debug|Any CPU.Build.0 = Debug|Any CPU
		{7F73CAE2-208E-42E3-8531-D29EA27DC95A}.Release|Any CPU.ActiveCfg = Release|Any CPU
		{7F73CAE2-208E-42E3-8531-D29EA27DC95A}.Release|Any CPU.Build.0 = Release|Any CPU
	EndGlobalSection
	GlobalSection(SolutionProperties) = preSolution
		HideSolutionNode = FALSE
	EndGlobalSection
	GlobalSection(ExtensibilityGlobals) = postSolution
		SolutionGuid = {06C31C62-8306-4276-9F13-E69CE568F36C}
	EndGlobalSection
EndGlobal
